{
  "name": "frida-stalker-thread",
  "version": "0.1.2",
  "lockfileVersion": 1,
  "requires": true,
  "dependencies": {
    "@types/frida-gum": {
      "version": "14.1.0",
      "resolved": "https://registry.npmjs.org/@types/frida-gum/-/frida-gum-14.1.0.tgz",
      "integrity": "sha512-H4wilQMGTReH9BWYjyripZJJvEHAJ4IOhsW9zqBSbh241jeBy6Y21tfew5VGiSjB0qGLZIC0amKHET4pymMGKQ==",
      "dev": true
    },
    "@types/node": {
      "version": "12.7.5",
      "resolved": "https://registry.npmjs.org/@types/node/-/node-12.7.5.tgz",
      "integrity": "sha512-9fq4jZVhPNW8r+UYKnxF1e2HkDWOWKM5bC2/7c9wPV835I0aOrVbS/Hw/pWPk2uKrNXQqg9Z959Kz+IYDd5p3w==",
      "dev": true
    },
    "typescript": {
      "version": "3.6.3",
      "resolved": "https://registry.npmjs.org/typescript/-/typescript-3.6.3.tgz",
      "integrity": "sha512-N7bceJL1CtRQ2RiG0AQME13ksR7DiuQh/QehubYcghzv20tnh+MQnQIuJddTmsbqYj+dztchykemz0zFzlvdQw==",
      "dev": true
    }
  }
}
